{
  "name": "time-queues",
  "version": "1.0.5",
  "lockfileVersion": 3,
  "requires": true,
  "packages": {
    "": {
      "name": "time-queues",
      "version": "1.0.5",
      "license": "BSD-3-Clause",
      "dependencies": {
        "list-toolkit": "^2.2.1"
      },
      "devDependencies": {
        "tape-six": "^1.0.2",
        "tape-six-proc": "^1.0.0"
      },
      "funding": {
        "url": "https://github.com/sponsors/uhop"
      }
    },
    "node_modules/dollar-shell": {
      "version": "1.1.0",
      "resolved": "https://registry.npmjs.org/dollar-shell/-/dollar-shell-1.1.0.tgz",
      "integrity": "sha512-cCXCWPORpf4HsIy81KtwamKk8kZJONB6WRBSrRVaMKJnxqCABpuvopYlUN/VMIsX90u4IQuEZ3uvk0AA5aik7g==",
      "dev": true,
      "license": "BSD-3-Clause",
      "funding": {
        "type": "github",
        "url": "https://github.com/sponsors/uhop"
      }
    },
    "node_modules/list-toolkit": {
      "version": "2.2.1",
      "resolved": "https://registry.npmjs.org/list-toolkit/-/list-toolkit-2.2.1.tgz",
      "integrity": "sha512-RB8MwjqcdIV7lW818etkjnu3CfB8EYvskioJeqb4xon/b0fdt+kh99ttzbmfNrckAHOF3sp1F+5tO/VC06/b5w==",
      "license": "BSD-3-Clause",
      "funding": {
        "url": "https://github.com/sponsors/uhop"
      }
    },
    "node_modules/tape-six": {
      "version": "1.0.2",
      "resolved": "https://registry.npmjs.org/tape-six/-/tape-six-1.0.2.tgz",
      "integrity": "sha512-qEGJz5AkvG5p3PKwzRUR6tG20zn8Q9CAh0ZtGMh1PVuVBaOhaRRt9H88nlITurHxTZ8D6KvtUE/U7pOH9HFkaA==",
      "dev": true,
      "license": "BSD-3-Clause",
      "bin": {
        "tape6": "bin/tape6.js",
        "tape6-bun": "bin/tape6-bun.js",
        "tape6-deno": "bin/tape6-deno.js",
        "tape6-runner": "bin/tape6-runner.js",
        "tape6-server": "bin/tape6-server.js"
      },
      "funding": {
        "url": "https://github.com/sponsors/uhop"
      }
    },
    "node_modules/tape-six-proc": {
      "version": "1.0.0",
      "resolved": "https://registry.npmjs.org/tape-six-proc/-/tape-six-proc-1.0.0.tgz",
      "integrity": "sha512-SXfYlfDDcwfKIDuLO/EWNlsCSC0JLc4wePGEE6B0gl50adWXLN88QH2O/pINcyS6z8HvZiNAz1TY/5h9kAoGJA==",
      "dev": true,
      "license": "BSD-3-Clause",
      "dependencies": {
        "dollar-shell": "^1.1.0",
        "tape-six": "^1.0.2"
      },
      "bin": {
        "tape6-proc": "bin/tape6-proc.js"
      },
      "funding": {
        "url": "https://github.com/sponsors/uhop"
      }
    }
  }
}
