{
  "name": "time-queues",
  "version": "1.2.2",
  "lockfileVersion": 3,
  "requires": true,
  "packages": {
    "": {
      "name": "time-queues",
      "version": "1.2.2",
      "license": "BSD-3-Clause",
      "dependencies": {
        "list-toolkit": "^2.2.1"
      },
      "devDependencies": {
        "@types/node": "^24.3.1",
        "tape-six": "^1.1.1",
        "tape-six-proc": "^1.0.1",
        "typescript": "^5.8.3"
      },
      "funding": {
        "url": "https://github.com/sponsors/uhop"
      }
    },
    "node_modules/@types/node": {
      "version": "24.3.1",
      "resolved": "https://registry.npmjs.org/@types/node/-/node-24.3.1.tgz",
      "integrity": "sha512-3vXmQDXy+woz+gnrTvuvNrPzekOi+Ds0ReMxw0LzBiK3a+1k0kQn9f2NWk+lgD4rJehFUmYy2gMhJ2ZI+7YP9g==",
      "dev": true,
      "license": "MIT",
      "dependencies": {
        "undici-types": "~7.10.0"
      }
    },
    "node_modules/dollar-shell": {
      "version": "1.1.0",
      "resolved": "https://registry.npmjs.org/dollar-shell/-/dollar-shell-1.1.0.tgz",
      "integrity": "sha512-cCXCWPORpf4HsIy81KtwamKk8kZJONB6WRBSrRVaMKJnxqCABpuvopYlUN/VMIsX90u4IQuEZ3uvk0AA5aik7g==",
      "dev": true,
      "license": "BSD-3-Clause",
      "funding": {
        "type": "github",
        "url": "https://github.com/sponsors/uhop"
      }
    },
    "node_modules/list-toolkit": {
      "version": "2.2.1",
      "resolved": "https://registry.npmjs.org/list-toolkit/-/list-toolkit-2.2.1.tgz",
      "integrity": "sha512-RB8MwjqcdIV7lW818etkjnu3CfB8EYvskioJeqb4xon/b0fdt+kh99ttzbmfNrckAHOF3sp1F+5tO/VC06/b5w==",
      "license": "BSD-3-Clause",
      "funding": {
        "url": "https://github.com/sponsors/uhop"
      }
    },
    "node_modules/tape-six": {
      "version": "1.1.1",
      "resolved": "https://registry.npmjs.org/tape-six/-/tape-six-1.1.1.tgz",
      "integrity": "sha512-04oTZfpcfy/UfAt5wuB8mjtNGv81qlQPga1ItGoigZSNybtmQ7YtoSfuwTfcWfXeuZXHH7EYqYUObtTJJW8ZCw==",
      "dev": true,
      "license": "BSD-3-Clause",
      "bin": {
        "tape6": "bin/tape6.js",
        "tape6-bun": "bin/tape6-bun.js",
        "tape6-deno": "bin/tape6-deno.js",
        "tape6-runner": "bin/tape6-runner.js",
        "tape6-server": "bin/tape6-server.js"
      },
      "funding": {
        "url": "https://github.com/sponsors/uhop"
      }
    },
    "node_modules/tape-six-proc": {
      "version": "1.0.1",
      "resolved": "https://registry.npmjs.org/tape-six-proc/-/tape-six-proc-1.0.1.tgz",
      "integrity": "sha512-cQTxtrkZHsqgCDJ6vhtn63CaQB+mmhI6jQCUu4lMY/leutiIoLqnSFIPXvTGdU2uMupG7HfoQqallciWV97jYQ==",
      "dev": true,
      "license": "BSD-3-Clause",
      "dependencies": {
        "dollar-shell": "^1.1.0",
        "tape-six": "^1.0.3"
      },
      "bin": {
        "tape6-proc": "bin/tape6-proc.js"
      },
      "funding": {
        "url": "https://github.com/sponsors/uhop"
      }
    },
    "node_modules/typescript": {
      "version": "5.8.3",
      "resolved": "https://registry.npmjs.org/typescript/-/typescript-5.8.3.tgz",
      "integrity": "sha512-p1diW6TqL9L07nNxvRMM7hMMw4c5XOo/1ibL4aAIGmSAt9slTE1Xgw5KWuof2uTOvCg9BY7ZRi+GaF+7sfgPeQ==",
      "dev": true,
      "license": "Apache-2.0",
      "bin": {
        "tsc": "bin/tsc",
        "tsserver": "bin/tsserver"
      },
      "engines": {
        "node": ">=14.17"
      }
    },
    "node_modules/undici-types": {
      "version": "7.10.0",
      "resolved": "https://registry.npmjs.org/undici-types/-/undici-types-7.10.0.tgz",
      "integrity": "sha512-t5Fy/nfn+14LuOc2KNYg75vZqClpAiqscVvMygNnlsHBFpSXdJaYtXMcdNLpl/Qvc3P2cB3s6lOV51nqsFq4ag==",
      "dev": true,
      "license": "MIT"
    }
  }
}
