{
  "name": "time-queues",
  "version": "1.0.0",
  "lockfileVersion": 3,
  "requires": true,
  "packages": {
    "": {
      "name": "time-queues",
      "version": "1.0.0",
      "license": "BSD-3-Clause",
      "dependencies": {
        "list-toolkit": "^1.0.2"
      },
      "devDependencies": {
        "tape-six": "^0.9.5"
      }
    },
    "node_modules/list-toolkit": {
      "version": "1.0.2",
      "resolved": "https://registry.npmjs.org/list-toolkit/-/list-toolkit-1.0.2.tgz",
      "integrity": "sha512-elCCiR8dhh6U0xgkjV7CwwJsni3LPIp45bcCdoLvnnkXj9wXNd21xJUq4N1pJ5fSqzQPjEg656YjBmhYNvrdgg=="
    },
    "node_modules/tape-six": {
      "version": "0.9.5",
      "resolved": "https://registry.npmjs.org/tape-six/-/tape-six-0.9.5.tgz",
      "integrity": "sha512-IvA+ToTpnXTkzYq0qADE8aEbD8lVWiEs2PaXrLGx/UoSseaw2EyVaTg062xPPr68uf63Qjdms4G6cetcVnVF7A==",
      "dev": true,
      "bin": {
        "tape6": "bin/tape6.js",
        "tape6-bun": "bin/tape6-bun.js",
        "tape6-deno": "bin/tape6-deno.js",
        "tape6-server": "bin/tape6-server.js"
      }
    }
  }
}
